
Microsoft Visual Studio Solution File, Format Version 12.00
# Visual Studio Version 16
VisualStudioVersion = 16.0.31129.286
MinimumVisualStudioVersion = 10.0.40219.1
Project("{FAE04EC0-301F-11D3-BF4B-00C04F79EFBC}") = "AppQrCode", "AppQrCode\AppQrCode\AppQrCode.csproj", "{DF15AFB1-A39F-47E2-A6B9-A4497C429395}"
EndProject
Project("{FAE04EC0-301F-11D3-BF4B-00C04F79EFBC}") = "AppQrCode.Android", "AppQrCode\AppQrCode.Android\AppQrCode.Android.csproj", "{8BCF8CFE-B66C-4320-BE88-B2180B0F1DEF}"
EndProject
Project("{FAE04EC0-301F-11D3-BF4B-00C04F79EFBC}") = "AppQrCode.iOS", "AppQrCode\AppQrCode.iOS\AppQrCode.iOS.csproj", "{F6F7D87B-C9B8-4020-8ACA-C42574F0B561}"
EndProject
Project("{FAE04EC0-301F-11D3-BF4B-00C04F79EFBC}") = "AppQrCode.UWP", "AppQrCode\AppQrCode.UWP\AppQrCode.UWP.csproj", "{F888C860-CBF8-470C-B36C-5C1EF2B5D438}"
EndProject
Global
	GlobalSection(SolutionConfigurationPlatforms) = preSolution
		Ad-Hoc|Any CPU = Ad-Hoc|Any CPU
		Ad-Hoc|ARM = Ad-Hoc|ARM
		Ad-Hoc|iPhone = Ad-Hoc|iPhone
		Ad-Hoc|iPhoneSimulator = Ad-Hoc|iPhoneSimulator
		Ad-Hoc|x64 = Ad-Hoc|x64
		Ad-Hoc|x86 = Ad-Hoc|x86
		AppStore|Any CPU = AppStore|Any CPU
		AppStore|ARM = AppStore|ARM
		AppStore|iPhone = AppStore|iPhone
		AppStore|iPhoneSimulator = AppStore|iPhoneSimulator
		AppStore|x64 = AppStore|x64
		AppStore|x86 = AppStore|x86
		Debug|Any CPU = Debug|Any CPU
		Debug|ARM = Debug|ARM
		Debug|iPhone = Debug|iPhone
		Debug|iPhoneSimulator = Debug|iPhoneSimulator
		Debug|x64 = Debug|x64
		Debug|x86 = Debug|x86
		Release|Any CPU = Release|Any CPU
		Release|ARM = Release|ARM
		Release|iPhone = Release|iPhone
		Release|iPhoneSimulator = Release|iPhoneSimulator
		Release|x64 = Release|x64
		Release|x86 = Release|x86
	EndGlobalSection
	GlobalSection(ProjectConfigurationPlatforms) = postSolution
		{DF15AFB1-A39F-47E2-A6B9-A4497C429395}.Ad-Hoc|Any CPU.ActiveCfg = Debug|Any CPU
		{DF15AFB1-A39F-47E2-A6B9-A4497C429395}.Ad-Hoc|Any CPU.Build.0 = Debug|Any CPU
		{DF15AFB1-A39F-47E2-A6B9-A4497C429395}.Ad-Hoc|ARM.ActiveCfg = Debug|Any CPU
		{DF15AFB1-A39F-47E2-A6B9-A4497C429395}.Ad-Hoc|ARM.Build.0 = Debug|Any CPU
		{DF15AFB1-A39F-47E2-A6B9-A4497C429395}.Ad-Hoc|iPhone.ActiveCfg = Debug|Any CPU
		{DF15AFB1-A39F-47E2-A6B9-A4497C429395}.Ad-Hoc|iPhone.Build.0 = Debug|Any CPU
		{DF15AFB1-A39F-47E2-A6B9-A4497C429395}.Ad-Hoc|iPhoneSimulator.ActiveCfg = Debug|Any CPU
		{DF15AFB1-A39F-47E2-A6B9-A4497C429395}.Ad-Hoc|iPhoneSimulator.Build.0 = Debug|Any CPU
		{DF15AFB1-A39F-47E2-A6B9-A4497C429395}.Ad-Hoc|x64.ActiveCfg = Debug|Any CPU
		{DF15AFB1-A39F-47E2-A6B9-A4497C429395}.Ad-Hoc|x64.Build.0 = Debug|Any CPU
		{DF15AFB1-A39F-47E2-A6B9-A4497C429395}.Ad-Hoc|x86.ActiveCfg = Debug|Any CPU
		{DF15AFB1-A39F-47E2-A6B9-A4497C429395}.Ad-Hoc|x86.Build.0 = Debug|Any CPU
		{DF15AFB1-A39F-47E2-A6B9-A4497C429395}.AppStore|Any CPU.ActiveCfg = Debug|Any CPU
		{DF15AFB1-A39F-47E2-A6B9-A4497C429395}.AppStore|Any CPU.Build.0 = Debug|Any CPU
		{DF15AFB1-A39F-47E2-A6B9-A4497C429395}.AppStore|ARM.ActiveCfg = Debug|Any CPU
		{DF15AFB1-A39F-47E2-A6B9-A4497C429395}.AppStore|ARM.Build.0 = Debug|Any CPU
		{DF15AFB1-A39F-47E2-A6B9-A4497C429395}.AppStore|iPhone.ActiveCfg = Debug|Any CPU
		{DF15AFB1-A39F-47E2-A6B9-A4497C429395}.AppStore|iPhone.Build.0 = Debug|Any CPU
		{DF15AFB1-A39F-47E2-A6B9-A4497C429395}.AppStore|iPhoneSimulator.ActiveCfg = Debug|Any CPU
		{DF15AFB1-A39F-47E2-A6B9-A4497C429395}.AppStore|iPhoneSimulator.Build.0 = Debug|Any CPU
		{DF15AFB1-A39F-47E2-A6B9-A4497C429395}.AppStore|x64.ActiveCfg = Debug|Any CPU
		{DF15AFB1-A39F-47E2-A6B9-A4497C429395}.AppStore|x64.Build.0 = Debug|Any CPU
		{DF15AFB1-A39F-47E2-A6B9-A4497C429395}.AppStore|x86.ActiveCfg = Debug|Any CPU
		{DF15AFB1-A39F-47E2-A6B9-A4497C429395}.AppStore|x86.Build.0 = Debug|Any CPU
		{DF15AFB1-A39F-47E2-A6B9-A4497C429395}.Debug|Any CPU.ActiveCfg = Debug|Any CPU
		{DF15AFB1-A39F-47E2-A6B9-A4497C429395}.Debug|Any CPU.Build.0 = Debug|Any CPU
		{DF15AFB1-A39F-47E2-A6B9-A4497C429395}.Debug|ARM.ActiveCfg = Debug|Any CPU
		{DF15AFB1-A39F-47E2-A6B9-A4497C429395}.Debug|ARM.Build.0 = Debug|Any CPU
		{DF15AFB1-A39F-47E2-A6B9-A4497C429395}.Debug|iPhone.ActiveCfg = Debug|Any CPU
		{DF15AFB1-A39F-47E2-A6B9-A4497C429395}.Debug|iPhone.Build.0 = Debug|Any CPU
		{DF15AFB1-A39F-47E2-A6B9-A4497C429395}.Debug|iPhoneSimulator.ActiveCfg = Debug|Any CPU
		{DF15AFB1-A39F-47E2-A6B9-A4497C429395}.Debug|iPhoneSimulator.Build.0 = Debug|Any CPU
		{DF15AFB1-A39F-47E2-A6B9-A4497C429395}.Debug|x64.ActiveCfg = Debug|Any CPU
		{DF15AFB1-A39F-47E2-A6B9-A4497C429395}.Debug|x64.Build.0 = Debug|Any CPU
		{DF15AFB1-A39F-47E2-A6B9-A4497C429395}.Debug|x86.ActiveCfg = Debug|Any CPU
		{DF15AFB1-A39F-47E2-A6B9-A4497C429395}.Debug|x86.Build.0 = Debug|Any CPU
		{DF15AFB1-A39F-47E2-A6B9-A4497C429395}.Release|Any CPU.ActiveCfg = Release|Any CPU
		{DF15AFB1-A39F-47E2-A6B9-A4497C429395}.Release|Any CPU.Build.0 = Release|Any CPU
		{DF15AFB1-A39F-47E2-A6B9-A4497C429395}.Release|ARM.ActiveCfg = Release|Any CPU
		{DF15AFB1-A39F-47E2-A6B9-A4497C429395}.Release|ARM.Build.0 = Release|Any CPU
		{DF15AFB1-A39F-47E2-A6B9-A4497C429395}.Release|iPhone.ActiveCfg = Release|Any CPU
		{DF15AFB1-A39F-47E2-A6B9-A4497C429395}.Release|iPhone.Build.0 = Release|Any CPU
		{DF15AFB1-A39F-47E2-A6B9-A4497C429395}.Release|iPhoneSimulator.ActiveCfg = Release|Any CPU
		{DF15AFB1-A39F-47E2-A6B9-A4497C429395}.Release|iPhoneSimulator.Build.0 = Release|Any CPU
		{DF15AFB1-A39F-47E2-A6B9-A4497C429395}.Release|x64.ActiveCfg = Release|Any CPU
		{DF15AFB1-A39F-47E2-A6B9-A4497C429395}.Release|x64.Build.0 = Release|Any CPU
		{DF15AFB1-A39F-47E2-A6B9-A4497C429395}.Release|x86.ActiveCfg = Release|Any CPU
		{DF15AFB1-A39F-47E2-A6B9-A4497C429395}.Release|x86.Build.0 = Release|Any CPU
		{8BCF8CFE-B66C-4320-BE88-B2180B0F1DEF}.Ad-Hoc|Any CPU.ActiveCfg = Debug|Any CPU
		{8BCF8CFE-B66C-4320-BE88-B2180B0F1DEF}.Ad-Hoc|Any CPU.Build.0 = Debug|Any CPU
		{8BCF8CFE-B66C-4320-BE88-B2180B0F1DEF}.Ad-Hoc|Any CPU.Deploy.0 = Debug|Any CPU
		{8BCF8CFE-B66C-4320-BE88-B2180B0F1DEF}.Ad-Hoc|ARM.ActiveCfg = Debug|Any CPU
		{8BCF8CFE-B66C-4320-BE88-B2180B0F1DEF}.Ad-Hoc|ARM.Build.0 = Debug|Any CPU
		{8BCF8CFE-B66C-4320-BE88-B2180B0F1DEF}.Ad-Hoc|ARM.Deploy.0 = Debug|Any CPU
		{8BCF8CFE-B66C-4320-BE88-B2180B0F1DEF}.Ad-Hoc|iPhone.ActiveCfg = Debug|Any CPU
		{8BCF8CFE-B66C-4320-BE88-B2180B0F1DEF}.Ad-Hoc|iPhone.Build.0 = Debug|Any CPU
		{8BCF8CFE-B66C-4320-BE88-B2180B0F1DEF}.Ad-Hoc|iPhone.Deploy.0 = Debug|Any CPU
		{8BCF8CFE-B66C-4320-BE88-B2180B0F1DEF}.Ad-Hoc|iPhoneSimulator.ActiveCfg = Debug|Any CPU
		{8BCF8CFE-B66C-4320-BE88-B2180B0F1DEF}.Ad-Hoc|iPhoneSimulator.Build.0 = Debug|Any CPU
		{8BCF8CFE-B66C-4320-BE88-B2180B0F1DEF}.Ad-Hoc|iPhoneSimulator.Deploy.0 = Debug|Any CPU
		{8BCF8CFE-B66C-4320-BE88-B2180B0F1DEF}.Ad-Hoc|x64.ActiveCfg = Debug|Any CPU
		{8BCF8CFE-B66C-4320-BE88-B2180B0F1DEF}.Ad-Hoc|x64.Build.0 = Debug|Any CPU
		{8BCF8CFE-B66C-4320-BE88-B2180B0F1DEF}.Ad-Hoc|x64.Deploy.0 = Debug|Any CPU
		{8BCF8CFE-B66C-4320-BE88-B2180B0F1DEF}.Ad-Hoc|x86.ActiveCfg = Debug|Any CPU
		{8BCF8CFE-B66C-4320-BE88-B2180B0F1DEF}.Ad-Hoc|x86.Build.0 = Debug|Any CPU
		{8BCF8CFE-B66C-4320-BE88-B2180B0F1DEF}.Ad-Hoc|x86.Deploy.0 = Debug|Any CPU
		{8BCF8CFE-B66C-4320-BE88-B2180B0F1DEF}.AppStore|Any CPU.ActiveCfg = Debug|Any CPU
		{8BCF8CFE-B66C-4320-BE88-B2180B0F1DEF}.AppStore|Any CPU.Build.0 = Debug|Any CPU
		{8BCF8CFE-B66C-4320-BE88-B2180B0F1DEF}.AppStore|Any CPU.Deploy.0 = Debug|Any CPU
		{8BCF8CFE-B66C-4320-BE88-B2180B0F1DEF}.AppStore|ARM.ActiveCfg = Debug|Any CPU
		{8BCF8CFE-B66C-4320-BE88-B2180B0F1DEF}.AppStore|ARM.Build.0 = Debug|Any CPU
		{8BCF8CFE-B66C-4320-BE88-B2180B0F1DEF}.AppStore|ARM.Deploy.0 = Debug|Any CPU
		{8BCF8CFE-B66C-4320-BE88-B2180B0F1DEF}.AppStore|iPhone.ActiveCfg = Debug|Any CPU
		{8BCF8CFE-B66C-4320-BE88-B2180B0F1DEF}.AppStore|iPhone.Build.0 = Debug|Any CPU
		{8BCF8CFE-B66C-4320-BE88-B2180B0F1DEF}.AppStore|iPhone.Deploy.0 = Debug|Any CPU
		{8BCF8CFE-B66C-4320-BE88-B2180B0F1DEF}.AppStore|iPhoneSimulator.ActiveCfg = Debug|Any CPU
		{8BCF8CFE-B66C-4320-BE88-B2180B0F1DEF}.AppStore|iPhoneSimulator.Build.0 = Debug|Any CPU
		{8BCF8CFE-B66C-4320-BE88-B2180B0F1DEF}.AppStore|iPhoneSimulator.Deploy.0 = Debug|Any CPU
		{8BCF8CFE-B66C-4320-BE88-B2180B0F1DEF}.AppStore|x64.ActiveCfg = Debug|Any CPU
		{8BCF8CFE-B66C-4320-BE88-B2180B0F1DEF}.AppStore|x64.Build.0 = Debug|Any CPU
		{8BCF8CFE-B66C-4320-BE88-B2180B0F1DEF}.AppStore|x64.Deploy.0 = Debug|Any CPU
		{8BCF8CFE-B66C-4320-BE88-B2180B0F1DEF}.AppStore|x86.ActiveCfg = Debug|Any CPU
		{8BCF8CFE-B66C-4320-BE88-B2180B0F1DEF}.AppStore|x86.Build.0 = Debug|Any CPU
		{8BCF8CFE-B66C-4320-BE88-B2180B0F1DEF}.AppStore|x86.Deploy.0 = Debug|Any CPU
		{8BCF8CFE-B66C-4320-BE88-B2180B0F1DEF}.Debug|Any CPU.ActiveCfg = Debug|Any CPU
		{8BCF8CFE-B66C-4320-BE88-B2180B0F1DEF}.Debug|Any CPU.Build.0 = Debug|Any CPU
		{8BCF8CFE-B66C-4320-BE88-B2180B0F1DEF}.Debug|Any CPU.Deploy.0 = Debug|Any CPU
		{8BCF8CFE-B66C-4320-BE88-B2180B0F1DEF}.Debug|ARM.ActiveCfg = Debug|Any CPU
		{8BCF8CFE-B66C-4320-BE88-B2180B0F1DEF}.Debug|ARM.Build.0 = Debug|Any CPU
		{8BCF8CFE-B66C-4320-BE88-B2180B0F1DEF}.Debug|ARM.Deploy.0 = Debug|Any CPU
		{8BCF8CFE-B66C-4320-BE88-B2180B0F1DEF}.Debug|iPhone.ActiveCfg = Debug|Any CPU
		{8BCF8CFE-B66C-4320-BE88-B2180B0F1DEF}.Debug|iPhone.Build.0 = Debug|Any CPU
		{8BCF8CFE-B66C-4320-BE88-B2180B0F1DEF}.Debug|iPhone.Deploy.0 = Debug|Any CPU
		{8BCF8CFE-B66C-4320-BE88-B2180B0F1DEF}.Debug|iPhoneSimulator.ActiveCfg = Debug|Any CPU
		{8BCF8CFE-B66C-4320-BE88-B2180B0F1DEF}.Debug|iPhoneSimulator.Build.0 = Debug|Any CPU
		{8BCF8CFE-B66C-4320-BE88-B2180B0F1DEF}.Debug|iPhoneSimulator.Deploy.0 = Debug|Any CPU
		{8BCF8CFE-B66C-4320-BE88-B2180B0F1DEF}.Debug|x64.ActiveCfg = Debug|Any CPU
		{8BCF8CFE-B66C-4320-BE88-B2180B0F1DEF}.Debug|x64.Build.0 = Debug|Any CPU
		{8BCF8CFE-B66C-4320-BE88-B2180B0F1DEF}.Debug|x64.Deploy.0 = Debug|Any CPU
		{8BCF8CFE-B66C-4320-BE88-B2180B0F1DEF}.Debug|x86.ActiveCfg = Debug|Any CPU
		{8BCF8CFE-B66C-4320-BE88-B2180B0F1DEF}.Debug|x86.Build.0 = Debug|Any CPU
		{8BCF8CFE-B66C-4320-BE88-B2180B0F1DEF}.Debug|x86.Deploy.0 = Debug|Any CPU
		{8BCF8CFE-B66C-4320-BE88-B2180B0F1DEF}.Release|Any CPU.ActiveCfg = Release|Any CPU
		{8BCF8CFE-B66C-4320-BE88-B2180B0F1DEF}.Release|Any CPU.Build.0 = Release|Any CPU
		{8BCF8CFE-B66C-4320-BE88-B2180B0F1DEF}.Release|Any CPU.Deploy.0 = Release|Any CPU
		{8BCF8CFE-B66C-4320-BE88-B2180B0F1DEF}.Release|ARM.ActiveCfg = Release|Any CPU
		{8BCF8CFE-B66C-4320-BE88-B2180B0F1DEF}.Release|ARM.Build.0 = Release|Any CPU
		{8BCF8CFE-B66C-4320-BE88-B2180B0F1DEF}.Release|ARM.Deploy.0 = Release|Any CPU
		{8BCF8CFE-B66C-4320-BE88-B2180B0F1DEF}.Release|iPhone.ActiveCfg = Release|Any CPU
		{8BCF8CFE-B66C-4320-BE88-B2180B0F1DEF}.Release|iPhone.Build.0 = Release|Any CPU
		{8BCF8CFE-B66C-4320-BE88-B2180B0F1DEF}.Release|iPhone.Deploy.0 = Release|Any CPU
		{8BCF8CFE-B66C-4320-BE88-B2180B0F1DEF}.Release|iPhoneSimulator.ActiveCfg = Release|Any CPU
		{8BCF8CFE-B66C-4320-BE88-B2180B0F1DEF}.Release|iPhoneSimulator.Build.0 = Release|Any CPU
		{8BCF8CFE-B66C-4320-BE88-B2180B0F1DEF}.Release|iPhoneSimulator.Deploy.0 = Release|Any CPU
		{8BCF8CFE-B66C-4320-BE88-B2180B0F1DEF}.Release|x64.ActiveCfg = Release|Any CPU
		{8BCF8CFE-B66C-4320-BE88-B2180B0F1DEF}.Release|x64.Build.0 = Release|Any CPU
		{8BCF8CFE-B66C-4320-BE88-B2180B0F1DEF}.Release|x64.Deploy.0 = Release|Any CPU
		{8BCF8CFE-B66C-4320-BE88-B2180B0F1DEF}.Release|x86.ActiveCfg = Release|Any CPU
		{8BCF8CFE-B66C-4320-BE88-B2180B0F1DEF}.Release|x86.Build.0 = Release|Any CPU
		{8BCF8CFE-B66C-4320-BE88-B2180B0F1DEF}.Release|x86.Deploy.0 = Release|Any CPU
		{F6F7D87B-C9B8-4020-8ACA-C42574F0B561}.Ad-Hoc|Any CPU.ActiveCfg = Ad-Hoc|iPhoneSimulator
		{F6F7D87B-C9B8-4020-8ACA-C42574F0B561}.Ad-Hoc|ARM.ActiveCfg = Ad-Hoc|iPhoneSimulator
		{F6F7D87B-C9B8-4020-8ACA-C42574F0B561}.Ad-Hoc|iPhone.ActiveCfg = Ad-Hoc|iPhone
		{F6F7D87B-C9B8-4020-8ACA-C42574F0B561}.Ad-Hoc|iPhone.Build.0 = Ad-Hoc|iPhone
		{F6F7D87B-C9B8-4020-8ACA-C42574F0B561}.Ad-Hoc|iPhoneSimulator.ActiveCfg = Ad-Hoc|iPhoneSimulator
		{F6F7D87B-C9B8-4020-8ACA-C42574F0B561}.Ad-Hoc|iPhoneSimulator.Build.0 = Ad-Hoc|iPhoneSimulator
		{F6F7D87B-C9B8-4020-8ACA-C42574F0B561}.Ad-Hoc|x64.ActiveCfg = Ad-Hoc|iPhoneSimulator
		{F6F7D87B-C9B8-4020-8ACA-C42574F0B561}.Ad-Hoc|x86.ActiveCfg = Ad-Hoc|iPhoneSimulator
		{F6F7D87B-C9B8-4020-8ACA-C42574F0B561}.AppStore|Any CPU.ActiveCfg = AppStore|iPhoneSimulator
		{F6F7D87B-C9B8-4020-8ACA-C42574F0B561}.AppStore|ARM.ActiveCfg = AppStore|iPhoneSimulator
		{F6F7D87B-C9B8-4020-8ACA-C42574F0B561}.AppStore|iPhone.ActiveCfg = AppStore|iPhone
		{F6F7D87B-C9B8-4020-8ACA-C42574F0B561}.AppStore|iPhone.Build.0 = AppStore|iPhone
		{F6F7D87B-C9B8-4020-8ACA-C42574F0B561}.AppStore|iPhoneSimulator.ActiveCfg = AppStore|iPhoneSimulator
		{F6F7D87B-C9B8-4020-8ACA-C42574F0B561}.AppStore|iPhoneSimulator.Build.0 = AppStore|iPhoneSimulator
		{F6F7D87B-C9B8-4020-8ACA-C42574F0B561}.AppStore|x64.ActiveCfg = AppStore|iPhoneSimulator
		{F6F7D87B-C9B8-4020-8ACA-C42574F0B561}.AppStore|x86.ActiveCfg = AppStore|iPhoneSimulator
		{F6F7D87B-C9B8-4020-8ACA-C42574F0B561}.Debug|Any CPU.ActiveCfg = Debug|iPhoneSimulator
		{F6F7D87B-C9B8-4020-8ACA-C42574F0B561}.Debug|ARM.ActiveCfg = Debug|iPhoneSimulator
		{F6F7D87B-C9B8-4020-8ACA-C42574F0B561}.Debug|iPhone.ActiveCfg = Debug|iPhone
		{F6F7D87B-C9B8-4020-8ACA-C42574F0B561}.Debug|iPhone.Build.0 = Debug|iPhone
		{F6F7D87B-C9B8-4020-8ACA-C42574F0B561}.Debug|iPhoneSimulator.ActiveCfg = Debug|iPhoneSimulator
		{F6F7D87B-C9B8-4020-8ACA-C42574F0B561}.Debug|iPhoneSimulator.Build.0 = Debug|iPhoneSimulator
		{F6F7D87B-C9B8-4020-8ACA-C42574F0B561}.Debug|x64.ActiveCfg = Debug|iPhoneSimulator
		{F6F7D87B-C9B8-4020-8ACA-C42574F0B561}.Debug|x86.ActiveCfg = Debug|iPhoneSimulator
		{F6F7D87B-C9B8-4020-8ACA-C42574F0B561}.Release|Any CPU.ActiveCfg = Release|iPhoneSimulator
		{F6F7D87B-C9B8-4020-8ACA-C42574F0B561}.Release|ARM.ActiveCfg = Release|iPhoneSimulator
		{F6F7D87B-C9B8-4020-8ACA-C42574F0B561}.Release|iPhone.ActiveCfg = Release|iPhone
		{F6F7D87B-C9B8-4020-8ACA-C42574F0B561}.Release|iPhone.Build.0 = Release|iPhone
		{F6F7D87B-C9B8-4020-8ACA-C42574F0B561}.Release|iPhoneSimulator.ActiveCfg = Release|iPhoneSimulator
		{F6F7D87B-C9B8-4020-8ACA-C42574F0B561}.Release|iPhoneSimulator.Build.0 = Release|iPhoneSimulator
		{F6F7D87B-C9B8-4020-8ACA-C42574F0B561}.Release|x64.ActiveCfg = Release|iPhoneSimulator
		{F6F7D87B-C9B8-4020-8ACA-C42574F0B561}.Release|x86.ActiveCfg = Release|iPhoneSimulator
		{F888C860-CBF8-470C-B36C-5C1EF2B5D438}.Ad-Hoc|Any CPU.ActiveCfg = Debug|ARM
		{F888C860-CBF8-470C-B36C-5C1EF2B5D438}.Ad-Hoc|Any CPU.Build.0 = Debug|ARM
		{F888C860-CBF8-470C-B36C-5C1EF2B5D438}.Ad-Hoc|Any CPU.Deploy.0 = Debug|ARM
		{F888C860-CBF8-470C-B36C-5C1EF2B5D438}.Ad-Hoc|ARM.ActiveCfg = Debug|ARM
		{F888C860-CBF8-470C-B36C-5C1EF2B5D438}.Ad-Hoc|ARM.Build.0 = Debug|ARM
		{F888C860-CBF8-470C-B36C-5C1EF2B5D438}.Ad-Hoc|ARM.Deploy.0 = Debug|ARM
		{F888C860-CBF8-470C-B36C-5C1EF2B5D438}.Ad-Hoc|iPhone.ActiveCfg = Debug|ARM
		{F888C860-CBF8-470C-B36C-5C1EF2B5D438}.Ad-Hoc|iPhone.Build.0 = Debug|ARM
		{F888C860-CBF8-470C-B36C-5C1EF2B5D438}.Ad-Hoc|iPhone.Deploy.0 = Debug|ARM
		{F888C860-CBF8-470C-B36C-5C1EF2B5D438}.Ad-Hoc|iPhoneSimulator.ActiveCfg = Debug|ARM
		{F888C860-CBF8-470C-B36C-5C1EF2B5D438}.Ad-Hoc|iPhoneSimulator.Build.0 = Debug|ARM
		{F888C860-CBF8-470C-B36C-5C1EF2B5D438}.Ad-Hoc|iPhoneSimulator.Deploy.0 = Debug|ARM
		{F888C860-CBF8-470C-B36C-5C1EF2B5D438}.Ad-Hoc|x64.ActiveCfg = Debug|x64
		{F888C860-CBF8-470C-B36C-5C1EF2B5D438}.Ad-Hoc|x64.Build.0 = Debug|x64
		{F888C860-CBF8-470C-B36C-5C1EF2B5D438}.Ad-Hoc|x64.Deploy.0 = Debug|x64
		{F888C860-CBF8-470C-B36C-5C1EF2B5D438}.Ad-Hoc|x86.ActiveCfg = Debug|x86
		{F888C860-CBF8-470C-B36C-5C1EF2B5D438}.Ad-Hoc|x86.Build.0 = Debug|x86
		{F888C860-CBF8-470C-B36C-5C1EF2B5D438}.Ad-Hoc|x86.Deploy.0 = Debug|x86
		{F888C860-CBF8-470C-B36C-5C1EF2B5D438}.AppStore|Any CPU.ActiveCfg = Debug|ARM
		{F888C860-CBF8-470C-B36C-5C1EF2B5D438}.AppStore|Any CPU.Build.0 = Debug|ARM
		{F888C860-CBF8-470C-B36C-5C1EF2B5D438}.AppStore|Any CPU.Deploy.0 = Debug|ARM
		{F888C860-CBF8-470C-B36C-5C1EF2B5D438}.AppStore|ARM.ActiveCfg = Debug|ARM
		{F888C860-CBF8-470C-B36C-5C1EF2B5D438}.AppStore|ARM.Build.0 = Debug|ARM
		{F888C860-CBF8-470C-B36C-5C1EF2B5D438}.AppStore|ARM.Deploy.0 = Debug|ARM
		{F888C860-CBF8-470C-B36C-5C1EF2B5D438}.AppStore|iPhone.ActiveCfg = Debug|ARM
		{F888C860-CBF8-470C-B36C-5C1EF2B5D438}.AppStore|iPhone.Build.0 = Debug|ARM
		{F888C860-CBF8-470C-B36C-5C1EF2B5D438}.AppStore|iPhone.Deploy.0 = Debug|ARM
		{F888C860-CBF8-470C-B36C-5C1EF2B5D438}.AppStore|iPhoneSimulator.ActiveCfg = Debug|ARM
		{F888C860-CBF8-470C-B36C-5C1EF2B5D438}.AppStore|iPhoneSimulator.Build.0 = Debug|ARM
		{F888C860-CBF8-470C-B36C-5C1EF2B5D438}.AppStore|iPhoneSimulator.Deploy.0 = Debug|ARM
		{F888C860-CBF8-470C-B36C-5C1EF2B5D438}.AppStore|x64.ActiveCfg = Debug|x64
		{F888C860-CBF8-470C-B36C-5C1EF2B5D438}.AppStore|x64.Build.0 = Debug|x64
		{F888C860-CBF8-470C-B36C-5C1EF2B5D438}.AppStore|x64.Deploy.0 = Debug|x64
		{F888C860-CBF8-470C-B36C-5C1EF2B5D438}.AppStore|x86.ActiveCfg = Debug|x86
		{F888C860-CBF8-470C-B36C-5C1EF2B5D438}.AppStore|x86.Build.0 = Debug|x86
		{F888C860-CBF8-470C-B36C-5C1EF2B5D438}.AppStore|x86.Deploy.0 = Debug|x86
		{F888C860-CBF8-470C-B36C-5C1EF2B5D438}.Debug|Any CPU.ActiveCfg = Debug|x86
		{F888C860-CBF8-470C-B36C-5C1EF2B5D438}.Debug|ARM.ActiveCfg = Debug|ARM
		{F888C860-CBF8-470C-B36C-5C1EF2B5D438}.Debug|ARM.Build.0 = Debug|ARM
		{F888C860-CBF8-470C-B36C-5C1EF2B5D438}.Debug|ARM.Deploy.0 = Debug|ARM
		{F888C860-CBF8-470C-B36C-5C1EF2B5D438}.Debug|iPhone.ActiveCfg = Debug|x86
		{F888C860-CBF8-470C-B36C-5C1EF2B5D438}.Debug|iPhoneSimulator.ActiveCfg = Debug|x86
		{F888C860-CBF8-470C-B36C-5C1EF2B5D438}.Debug|x64.ActiveCfg = Debug|x64
		{F888C860-CBF8-470C-B36C-5C1EF2B5D438}.Debug|x64.Build.0 = Debug|x64
		{F888C860-CBF8-470C-B36C-5C1EF2B5D438}.Debug|x64.Deploy.0 = Debug|x64
		{F888C860-CBF8-470C-B36C-5C1EF2B5D438}.Debug|x86.ActiveCfg = Debug|x86
		{F888C860-CBF8-470C-B36C-5C1EF2B5D438}.Debug|x86.Build.0 = Debug|x86
		{F888C860-CBF8-470C-B36C-5C1EF2B5D438}.Debug|x86.Deploy.0 = Debug|x86
		{F888C860-CBF8-470C-B36C-5C1EF2B5D438}.Release|Any CPU.ActiveCfg = Release|x86
		{F888C860-CBF8-470C-B36C-5C1EF2B5D438}.Release|ARM.ActiveCfg = Release|ARM
		{F888C860-CBF8-470C-B36C-5C1EF2B5D438}.Release|ARM.Build.0 = Release|ARM
		{F888C860-CBF8-470C-B36C-5C1EF2B5D438}.Release|ARM.Deploy.0 = Release|ARM
		{F888C860-CBF8-470C-B36C-5C1EF2B5D438}.Release|iPhone.ActiveCfg = Release|x86
		{F888C860-CBF8-470C-B36C-5C1EF2B5D438}.Release|iPhoneSimulator.ActiveCfg = Release|x86
		{F888C860-CBF8-470C-B36C-5C1EF2B5D438}.Release|x64.ActiveCfg = Release|x64
		{F888C860-CBF8-470C-B36C-5C1EF2B5D438}.Release|x64.Build.0 = Release|x64
		{F888C860-CBF8-470C-B36C-5C1EF2B5D438}.Release|x64.Deploy.0 = Release|x64
		{F888C860-CBF8-470C-B36C-5C1EF2B5D438}.Release|x86.ActiveCfg = Release|x86
		{F888C860-CBF8-470C-B36C-5C1EF2B5D438}.Release|x86.Build.0 = Release|x86
		{F888C860-CBF8-470C-B36C-5C1EF2B5D438}.Release|x86.Deploy.0 = Release|x86
	EndGlobalSection
	GlobalSection(SolutionProperties) = preSolution
		HideSolutionNode = FALSE
	EndGlobalSection
	GlobalSection(ExtensibilityGlobals) = postSolution
		SolutionGuid = {6F087A53-54B6-490C-9052-51C5ED411598}
	EndGlobalSection
EndGlobal
